{
  "nodes": {
    "loci-core": {
      "inputs": {
        "nixpkgs": [
          "nixpkgs"
        ]
      },
      "locked": {
        "lastModified": 1786647124,
        "narHash": "sha256-v7mojHsm/XlW42M2SANp/RrFtQg67M9jewQe8pil2WU=",
        "ref": "main",
        "rev": "c34dc831df1922704dd0226b532ce03423a9ee9d",
        "revCount": 268,
        "type": "git",
        "url": "ssh://git@github.com/Bullish-Design/loci-core.git"
      },
      "original": {
        "ref": "main",
        "type": "git",
        "url": "ssh://git@github.com/Bullish-Design/loci-core.git"
      }
    },
    "nixpkgs": {
      "locked": {
        "lastModified": 1781577229,
        "narHash": "sha256-lrp67w8AulE9Ks53n27I45ADSzbOCn4H+CNW1Ck8B+8=",
        "owner": "NixOS",
        "repo": "nixpkgs",
        "rev": "567a49d1913ce81ac6e9582e3553dd90a955875f",
        "type": "github"
      },
      "original": {
        "owner": "NixOS",
        "ref": "nixos-unstable",
        "repo": "nixpkgs",
        "type": "github"
      }
    },
    "root": {
      "inputs": {
        "loci-core": "loci-core",
        "nixpkgs": "nixpkgs"
      }
    }
  },
  "root": "root",
  "version": 7
}
