{
  "nodes": {
    "knappy": {
      "flake": false,
      "locked": {
        "lastModified": 1781897130,
        "narHash": "sha256-qOPWqownJE+rL08pfILXNo7cYok6uXA0/AjVi10NUOs=",
        "path": "/home/andrew/Documents/Projects/knappy",
        "type": "path"
      },
      "original": {
        "path": "/home/andrew/Documents/Projects/knappy",
        "type": "path"
      }
    },
    "loci-core": {
      "inputs": {
        "knappy": "knappy",
        "nixpkgs": [
          "nixpkgs"
        ]
      },
      "locked": {
        "lastModified": 1783651035,
        "narHash": "sha256-r0ZrP01k2of7bVfKzrBdhCP2tC/jrpnUfVvVVCbB84Q=",
        "owner": "Bullish-Design",
        "repo": "loci-core",
        "rev": "02be76df0997d60a21011b4b92836c1f19d38b97",
        "type": "github"
      },
      "original": {
        "owner": "Bullish-Design",
        "ref": "02be76d",
        "repo": "loci-core",
        "type": "github"
      }
    },
    "nixpkgs": {
      "locked": {
        "lastModified": 1781577229,
        "narHash": "sha256-lrp67w8AulE9Ks53n27I45ADSzbOCn4H+CNW1Ck8B+8=",
        "owner": "NixOS",
        "repo": "nixpkgs",
        "rev": "567a49d1913ce81ac6e9582e3553dd90a955875f",
        "type": "github"
      },
      "original": {
        "owner": "NixOS",
        "ref": "nixos-unstable",
        "repo": "nixpkgs",
        "type": "github"
      }
    },
    "root": {
      "inputs": {
        "loci-core": "loci-core",
        "nixpkgs": "nixpkgs"
      }
    }
  },
  "root": "root",
  "version": 7
}
